
Microsoft Visual Studio Solution File, Format Version 12.00
# Visual Studio Version 16
VisualStudioVersion = 16.0.29519.87
MinimumVisualStudioVersion = 10.0.40219.1
Project("{FAE04EC0-301F-11D3-BF4B-00C04F79EFBC}") = "Quotation", "Quotation\Quotation.csproj", "{5E3887DD-0DE9-4599-A956-298350DA68A5}"
EndProject
Project("{FAE04EC0-301F-11D3-BF4B-00C04F79EFBC}") = "WindowsFormsApp1", "WindowsFormsApp1\WindowsFormsApp1.csproj", "{57F885B1-5B72-42CB-B166-D25F6982F88E}"
EndProject
Global
	GlobalSection(SolutionConfigurationPlatforms) = preSolution
		Debug|Any CPU = Debug|Any CPU
		Release|Any CPU = Release|Any CPU
	EndGlobalSection
	GlobalSection(ProjectConfigurationPlatforms) = postSolution
		{5E3887DD-0DE9-4599-A956-298350DA68A5}.Debug|Any CPU.ActiveCfg = Debug|Any CPU
		{5E3887DD-0DE9-4599-A956-298350DA68A5}.Debug|Any CPU.Build.0 = Debug|Any CPU
		{5E3887DD-0DE9-4599-A956-298350DA68A5}.Release|Any CPU.ActiveCfg = Release|Any CPU
		{5E3887DD-0DE9-4599-A956-298350DA68A5}.Release|Any CPU.Build.0 = Release|Any CPU
		{57F885B1-5B72-42CB-B166-D25F6982F88E}.Debug|Any CPU.ActiveCfg = Debug|Any CPU
		{57F885B1-5B72-42CB-B166-D25F6982F88E}.Debug|Any CPU.Build.0 = Debug|Any CPU
		{57F885B1-5B72-42CB-B166-D25F6982F88E}.Release|Any CPU.ActiveCfg = Release|Any CPU
		{57F885B1-5B72-42CB-B166-D25F6982F88E}.Release|Any CPU.Build.0 = Release|Any CPU
	EndGlobalSection
	GlobalSection(SolutionProperties) = preSolution
		HideSolutionNode = FALSE
	EndGlobalSection
	GlobalSection(ExtensibilityGlobals) = postSolution
		SolutionGuid = {BAE19882-E385-46A7-BE73-56A9671DD34F}
	EndGlobalSection
EndGlobal
